// !$*UTF8*$!
{
	archiveVersion = 1;
	classes = {
	};
	objectVersion = 46;
	objects = {

/* Begin PBXBuildFile section */
		160643551E3A90FA0076660A /* FPANEUtils.m in Sources */ = {isa = PBXBuildFile; fileRef = 160643541E3A90FA0076660A /* FPANEUtils.m */; };
		16EFD4751E3A903300ED8CEE /* AirCapabilities.m in Sources */ = {isa = PBXBuildFile; fileRef = 16EFD4741E3A903300ED8CEE /* AirCapabilities.m */; };
		16EFD4761E3A903300ED8CEE /* AirCapabilities.h in CopyFiles */ = {isa = PBXBuildFile; fileRef = 16EFD4731E3A903300ED8CEE /* AirCapabilities.h */; };
/* End PBXBuildFile section */

/* Begin PBXCopyFilesBuildPhase section */
		16EFD46E1E3A903300ED8CEE /* CopyFiles */ = {
			isa = PBXCopyFilesBuildPhase;
			buildActionMask = 2147483647;
			dstPath = "include/$(PRODUCT_NAME)";
			dstSubfolderSpec = 16;
			files = (
				16EFD4761E3A903300ED8CEE /* AirCapabilities.h in CopyFiles */,
			);
			runOnlyForDeploymentPostprocessing = 0;
		};
/* End PBXCopyFilesBuildPhase section */

/* Begin PBXFileReference section */
		160643521E3A90FA0076660A /* FlashRuntimeExtensions.h */ = {isa = PBXFileReference; fileEncoding = 4; lastKnownFileType = sourcecode.c.h; path = FlashRuntimeExtensions.h; sourceTree = "<group>"; };
		160643531E3A90FA0076660A /* FPANEUtils.h */ = {isa = PBXFileReference; fileEncoding = 4; lastKnownFileType = sourcecode.c.h; path = FPANEUtils.h; sourceTree = "<group>"; };
		160643541E3A90FA0076660A /* FPANEUtils.m */ = {isa = PBXFileReference; fileEncoding = 4; lastKnownFileType = sourcecode.c.objc; path = FPANEUtils.m; sourceTree = "<group>"; };
		16EFD4701E3A903300ED8CEE /* libAirCapabilities.a */ = {isa = PBXFileReference; explicitFileType = archive.ar; includeInIndex = 0; path = libAirCapabilities.a; sourceTree = BUILT_PRODUCTS_DIR; };
		16EFD4731E3A903300ED8CEE /* AirCapabilities.h */ = {isa = PBXFileReference; lastKnownFileType = sourcecode.c.h; path = AirCapabilities.h; sourceTree = "<group>"; };
		16EFD4741E3A903300ED8CEE /* AirCapabilities.m */ = {isa = PBXFileReference; lastKnownFileType = sourcecode.c.objc; path = AirCapabilities.m; sourceTree = "<group>"; };
/* End PBXFileReference section */

/* Begin PBXFrameworksBuildPhase section */
		16EFD46D1E3A903300ED8CEE /* Frameworks */ = {
			isa = PBXFrameworksBuildPhase;
			buildActionMask = 2147483647;
			files = (
			);
			runOnlyForDeploymentPostprocessing = 0;
		};
/* End PBXFrameworksBuildPhase section */

/* Begin PBXGroup section */
		16EFD4671E3A903300ED8CEE = {
			isa = PBXGroup;
			children = (
				16EFD4721E3A903300ED8CEE /* AirCapabilities */,
				16EFD4711E3A903300ED8CEE /* Products */,
			);
			sourceTree = "<group>";
		};
		16EFD4711E3A903300ED8CEE /* Products */ = {
			isa = PBXGroup;
			children = (
				16EFD4701E3A903300ED8CEE /* libAirCapabilities.a */,
			);
			name = Products;
			sourceTree = "<group>";
		};
		16EFD4721E3A903300ED8CEE /* AirCapabilities */ = {
			isa = PBXGroup;
			children = (
				160643521E3A90FA0076660A /* FlashRuntimeExtensions.h */,
				160643531E3A90FA0076660A /* FPANEUtils.h */,
				160643541E3A90FA0076660A /* FPANEUtils.m */,
				16EFD4731E3A903300ED8CEE /* AirCapabilities.h */,
				16EFD4741E3A903300ED8CEE /* AirCapabilities.m */,
			);
			path = AirCapabilities;
			sourceTree = "<group>";
		};
/* End PBXGroup section */

/* Begin PBXNativeTarget section */
		16EFD46F1E3A903300ED8CEE /* AirCapabilities */ = {
			isa = PBXNativeTarget;
			buildConfigurationList = 16EFD4791E3A903300ED8CEE /* Build configuration list for PBXNativeTarget "AirCapabilities" */;
			buildPhases = (
				16EFD46C1E3A903300ED8CEE /* Sources */,
				16EFD46D1E3A903300ED8CEE /* Frameworks */,
				16EFD46E1E3A903300ED8CEE /* CopyFiles */,
			);
			buildRules = (
			);
			dependencies = (
			);
			name = AirCapabilities;
			productName = AirCapabilities;
			productReference = 16EFD4701E3A903300ED8CEE /* libAirCapabilities.a */;
			productType = "com.apple.product-type.library.static";
		};
/* End PBXNativeTarget section */

/* Begin PBXProject section */
		16EFD4681E3A903300ED8CEE /* Project object */ = {
			isa = PBXProject;
			attributes = {
				LastUpgradeCheck = 0820;
				ORGANIZATIONNAME = "Freshplanet, Inc.";
				TargetAttributes = {
					16EFD46F1E3A903300ED8CEE = {
						CreatedOnToolsVersion = 8.2.1;
						ProvisioningStyle = Automatic;
					};
				};
			};
			buildConfigurationList = 16EFD46B1E3A903300ED8CEE /* Build configuration list for PBXProject "AirCapabilities" */;
			compatibilityVersion = "Xcode 3.2";
			developmentRegion = English;
			hasScannedForEncodings = 0;
			knownRegions = (
				en,
			);
			mainGroup = 16EFD4671E3A903300ED8CEE;
			productRefGroup = 16EFD4711E3A903300ED8CEE /* Products */;
			projectDirPath = "";
			projectRoot = "";
			targets = (
				16EFD46F1E3A903300ED8CEE /* AirCapabilities */,
			);
		};
/* End PBXProject section */

/* Begin PBXSourcesBuildPhase section */
		16EFD46C1E3A903300ED8CEE /* Sources */ = {
			isa = PBXSourcesBuildPhase;
			buildActionMask = 2147483647;
			files = (
				160643551E3A90FA0076660A /* FPANEUtils.m in Sources */,
				16EFD4751E3A903300ED8CEE /* AirCapabilities.m in Sources */,
			);
			runOnlyForDeploymentPostprocessing = 0;
		};
/* End PBXSourcesBuildPhase section */

/* Begin XCBuildConfiguration section */
		16EFD4771E3A903300ED8CEE /* Debug */ = {
			isa = XCBuildConfiguration;
			buildSettings = {
				ALWAYS_SEARCH_USER_PATHS = NO;
				CLANG_ANALYZER_NONNULL = YES;
				CLANG_CXX_LANGUAGE_STANDARD = "gnu++0x";
				CLANG_CXX_LIBRARY = "libc++";
				CLANG_ENABLE_MODULES = YES;
				CLANG_ENABLE_OBJC_ARC = NO;
				CLANG_WARN_BOOL_CONVERSION = YES;
				CLANG_WARN_CONSTANT_CONVERSION = YES;
				CLANG_WARN_DIRECT_OBJC_ISA_USAGE = YES_ERROR;
				CLANG_WARN_DOCUMENTATION_COMMENTS = YES;
				CLANG_WARN_EMPTY_BODY = YES;
				CLANG_WARN_ENUM_CONVERSION = YES;
				CLANG_WARN_INFINITE_RECURSION = YES;
				CLANG_WARN_INT_CONVERSION = YES;
				CLANG_WARN_OBJC_ROOT_CLASS = YES_ERROR;
				CLANG_WARN_SUSPICIOUS_MOVE = YES;
				CLANG_WARN_UNREACHABLE_CODE = YES;
				CLANG_WARN__DUPLICATE_METHOD_MATCH = YES;
				"CODE_SIGN_IDENTITY[sdk=iphoneos*]" = "iPhone Developer";
				COPY_PHASE_STRIP = NO;
				DEBUG_INFORMATION_FORMAT = dwarf;
				ENABLE_STRICT_OBJC_MSGSEND = YES;
				ENABLE_TESTABILITY = YES;
				GCC_C_LANGUAGE_STANDARD = gnu99;
				GCC_DYNAMIC_NO_PIC = NO;
				GCC_NO_COMMON_BLOCKS = YES;
				GCC_OPTIMIZATION_LEVEL = 0;
				GCC_PREPROCESSOR_DEFINITIONS = (
					"DEBUG=1",
					"$(inherited)",
				);
				GCC_WARN_64_TO_32_BIT_CONVERSION = YES;
				GCC_WARN_ABOUT_RETURN_TYPE = YES_ERROR;
				GCC_WARN_UNDECLARED_SELECTOR = YES;
				GCC_WARN_UNINITIALIZED_AUTOS = YES_AGGRESSIVE;
				GCC_WARN_UNUSED_FUNCTION = YES;
				GCC_WARN_UNUSED_VARIABLE = YES;
				IPHONEOS_DEPLOYMENT_TARGET = 8.0;
				MTL_ENABLE_DEBUG_INFO = YES;
				ONLY_ACTIVE_ARCH = NO;
				SDKROOT = iphoneos;
			};
			name = Debug;
		};
		16EFD4781E3A903300ED8CEE /* Release */ = {
			isa = XCBuildConfiguration;
			buildSettings = {
				ALWAYS_SEARCH_USER_PATHS = NO;
				CLANG_ANALYZER_NONNULL = YES;
				CLANG_CXX_LANGUAGE_STANDARD = "gnu++0x";
				CLANG_CXX_LIBRARY = "libc++";
				CLANG_ENABLE_MODULES = YES;
				CLANG_ENABLE_OBJC_ARC = NO;
				CLANG_WARN_BOOL_CONVERSION = YES;
				CLANG_WARN_CONSTANT_CONVERSION = YES;
				CLANG_WARN_DIRECT_OBJC_ISA_USAGE = YES_ERROR;
				CLANG_WARN_DOCUMENTATION_COMMENTS = YES;
				CLANG_WARN_EMPTY_BODY = YES;
				CLANG_WARN_ENUM_CONVERSION = YES;
				CLANG_WARN_INFINITE_RECURSION = YES;
				CLANG_WARN_INT_CONVERSION = YES;
				CLANG_WARN_OBJC_ROOT_CLASS = YES_ERROR;
				CLANG_WARN_SUSPICIOUS_MOVE = YES;
				CLANG_WARN_UNREACHABLE_CODE = YES;
				CLANG_WARN__DUPLICATE_METHOD_MATCH = YES;
				"CODE_SIGN_IDENTITY[sdk=iphoneos*]" = "iPhone Developer";
				COPY_PHASE_STRIP = NO;
				DEBUG_INFORMATION_FORMAT = "dwarf-with-dsym";
				ENABLE_NS_ASSERTIONS = NO;
				ENABLE_STRICT_OBJC_MSGSEND = YES;
				GCC_C_LANGUAGE_STANDARD = gnu99;
				GCC_NO_COMMON_BLOCKS = YES;
				GCC_WARN_64_TO_32_BIT_CONVERSION = YES;
				GCC_WARN_ABOUT_RETURN_TYPE = YES_ERROR;
				GCC_WARN_UNDECLARED_SELECTOR = YES;
				GCC_WARN_UNINITIALIZED_AUTOS = YES_AGGRESSIVE;
				GCC_WARN_UNUSED_FUNCTION = YES;
				GCC_WARN_UNUSED_VARIABLE = YES;
				IPHONEOS_DEPLOYMENT_TARGET = 8.0;
				MTL_ENABLE_DEBUG_INFO = NO;
				ONLY_ACTIVE_ARCH = NO;
				SDKROOT = iphoneos;
				VALIDATE_PRODUCT = YES;
			};
			name = Release;
		};
		16EFD47A1E3A903300ED8CEE /* Debug */ = {
			isa = XCBuildConfiguration;
			buildSettings = {
				FRAMEWORK_SEARCH_PATHS = (
					"$(inherited)",
					"$(PROJECT_DIR)/AirCapabilities",
				);
				OTHER_LDFLAGS = "-ObjC";
				PRODUCT_NAME = "$(TARGET_NAME)";
				SKIP_INSTALL = YES;
			};
			name = Debug;
		};
		16EFD47B1E3A903300ED8CEE /* Release */ = {
			isa = XCBuildConfiguration;
			buildSettings = {
				FRAMEWORK_SEARCH_PATHS = (
					"$(inherited)",
					"$(PROJECT_DIR)/AirCapabilities",
				);
				OTHER_LDFLAGS = "-ObjC";
				PRODUCT_NAME = "$(TARGET_NAME)";
				SKIP_INSTALL = YES;
			};
			name = Release;
		};
/* End XCBuildConfiguration section */

/* Begin XCConfigurationList section */
		16EFD46B1E3A903300ED8CEE /* Build configuration list for PBXProject "AirCapabilities" */ = {
			isa = XCConfigurationList;
			buildConfigurations = (
				16EFD4771E3A903300ED8CEE /* Debug */,
				16EFD4781E3A903300ED8CEE /* Release */,
			);
			defaultConfigurationIsVisible = 0;
			defaultConfigurationName = Release;
		};
		16EFD4791E3A903300ED8CEE /* Build configuration list for PBXNativeTarget "AirCapabilities" */ = {
			isa = XCConfigurationList;
			buildConfigurations = (
				16EFD47A1E3A903300ED8CEE /* Debug */,
				16EFD47B1E3A903300ED8CEE /* Release */,
			);
			defaultConfigurationIsVisible = 0;
			defaultConfigurationName = Release;
		};
/* End XCConfigurationList section */
	};
	rootObject = 16EFD4681E3A903300ED8CEE /* Project object */;
}
